
Microsoft Visual Studio Solution File, Format Version 12.00
# Visual Studio Version 17
VisualStudioVersion = 17.2.32630.192
MinimumVisualStudioVersion = 10.0.40219.1
Project("{9A19103F-16F7-4668-BE54-9A1E7A4F7556}") = "R5T.L0057", "R5T.L0057\R5T.L0057.csproj", "{4296CB44-30E7-45D6-8F7B-0343EFD76462}"
EndProject
Global
	GlobalSection(SolutionConfigurationPlatforms) = preSolution
		Debug|Any CPU = Debug|Any CPU
		Release|Any CPU = Release|Any CPU
	EndGlobalSection
	GlobalSection(ProjectConfigurationPlatforms) = postSolution
		{4296CB44-30E7-45D6-8F7B-0343EFD76462}.Debug|Any CPU.ActiveCfg = Debug|Any CPU
		{4296CB44-30E7-45D6-8F7B-0343EFD76462}.Debug|Any CPU.Build.0 = Debug|Any CPU
		{4296CB44-30E7-45D6-8F7B-0343EFD76462}.Release|Any CPU.ActiveCfg = Release|Any CPU
		{4296CB44-30E7-45D6-8F7B-0343EFD76462}.Release|Any CPU.Build.0 = Release|Any CPU
	EndGlobalSection
	GlobalSection(SolutionProperties) = preSolution
		HideSolutionNode = FALSE
	EndGlobalSection
	GlobalSection(ExtensibilityGlobals) = postSolution
		SolutionGuid = {76388B0B-14DD-4D9E-A261-2505E8E58061}
	EndGlobalSection
EndGlobal
