
Microsoft Visual Studio Solution File, Format Version 12.00
# Visual Studio Version 17
VisualStudioVersion = 17.2.32630.192
MinimumVisualStudioVersion = 10.0.40219.1
Project("{9A19103F-16F7-4668-BE54-9A1E7A4F7556}") = "R5T.L0057.Construction", "R5T.L0057.Construction\R5T.L0057.Construction.csproj", "{16EA66E1-EB7C-4752-8DD6-D6E0DEB42D19}"
EndProject
Project("{9A19103F-16F7-4668-BE54-9A1E7A4F7556}") = "R5T.L0057", "R5T.L0057\R5T.L0057.csproj", "{F57C19DC-E1EC-497E-9398-50EEAB4FA274}"
EndProject
Global
	GlobalSection(SolutionConfigurationPlatforms) = preSolution
		Debug|Any CPU = Debug|Any CPU
		Release|Any CPU = Release|Any CPU
	EndGlobalSection
	GlobalSection(ProjectConfigurationPlatforms) = postSolution
		{16EA66E1-EB7C-4752-8DD6-D6E0DEB42D19}.Debug|Any CPU.ActiveCfg = Debug|Any CPU
		{16EA66E1-EB7C-4752-8DD6-D6E0DEB42D19}.Debug|Any CPU.Build.0 = Debug|Any CPU
		{16EA66E1-EB7C-4752-8DD6-D6E0DEB42D19}.Release|Any CPU.ActiveCfg = Release|Any CPU
		{16EA66E1-EB7C-4752-8DD6-D6E0DEB42D19}.Release|Any CPU.Build.0 = Release|Any CPU
		{F57C19DC-E1EC-497E-9398-50EEAB4FA274}.Debug|Any CPU.ActiveCfg = Debug|Any CPU
		{F57C19DC-E1EC-497E-9398-50EEAB4FA274}.Debug|Any CPU.Build.0 = Debug|Any CPU
		{F57C19DC-E1EC-497E-9398-50EEAB4FA274}.Release|Any CPU.ActiveCfg = Release|Any CPU
		{F57C19DC-E1EC-497E-9398-50EEAB4FA274}.Release|Any CPU.Build.0 = Release|Any CPU
	EndGlobalSection
	GlobalSection(SolutionProperties) = preSolution
		HideSolutionNode = FALSE
	EndGlobalSection
	GlobalSection(ExtensibilityGlobals) = postSolution
		SolutionGuid = {51B046AA-0183-4883-B840-791FCBA545E6}
	EndGlobalSection
EndGlobal
